
Microsoft Visual Studio Solution File, Format Version 12.00
# Visual Studio Version 17
VisualStudioVersion = 17.5.33414.496
MinimumVisualStudioVersion = 10.0.40219.1
Project("{9A19103F-16F7-4668-BE54-9A1E7A4F7556}") = "QueueDemo", "QueueDemo.csproj", "{0C9E3A1A-DB0B-4007-AEA8-9D301FE1EBC2}"
EndProject
Project("{9A19103F-16F7-4668-BE54-9A1E7A4F7556}") = "RSA_NET_Demo", "..\RSA_NET_Demo\RSA_NET_Demo.csproj", "{E7A87C60-6D02-41DB-B8EE-DF1EF1CC52E7}"
EndProject
Project("{2150E333-8FDC-42A3-9474-1A3956D46DE8}") = "Solution Items", "Solution Items", "{8BC66BA6-5831-4F88-8155-B76DC53AF7FC}"
	ProjectSection(SolutionItems) = preProject
		.editorconfig = .editorconfig
	EndProjectSection
EndProject
Project("{FAE04EC0-301F-11D3-BF4B-00C04F79EFBC}") = "RSAProcessing.MVC", "..\RSAProcessing.MVC\RSAProcessing.MVC.csproj", "{C10C64F8-3F3E-44FE-A620-BB940EF544E9}"
EndProject
Global
	GlobalSection(SolutionConfigurationPlatforms) = preSolution
		Debug|Any CPU = Debug|Any CPU
		Release|Any CPU = Release|Any CPU
	EndGlobalSection
	GlobalSection(ProjectConfigurationPlatforms) = postSolution
		{0C9E3A1A-DB0B-4007-AEA8-9D301FE1EBC2}.Debug|Any CPU.ActiveCfg = Debug|Any CPU
		{0C9E3A1A-DB0B-4007-AEA8-9D301FE1EBC2}.Debug|Any CPU.Build.0 = Debug|Any CPU
		{0C9E3A1A-DB0B-4007-AEA8-9D301FE1EBC2}.Release|Any CPU.ActiveCfg = Release|Any CPU
		{0C9E3A1A-DB0B-4007-AEA8-9D301FE1EBC2}.Release|Any CPU.Build.0 = Release|Any CPU
		{E7A87C60-6D02-41DB-B8EE-DF1EF1CC52E7}.Debug|Any CPU.ActiveCfg = Debug|Any CPU
		{E7A87C60-6D02-41DB-B8EE-DF1EF1CC52E7}.Debug|Any CPU.Build.0 = Debug|Any CPU
		{E7A87C60-6D02-41DB-B8EE-DF1EF1CC52E7}.Release|Any CPU.ActiveCfg = Release|Any CPU
		{E7A87C60-6D02-41DB-B8EE-DF1EF1CC52E7}.Release|Any CPU.Build.0 = Release|Any CPU
		{C10C64F8-3F3E-44FE-A620-BB940EF544E9}.Debug|Any CPU.ActiveCfg = Debug|Any CPU
		{C10C64F8-3F3E-44FE-A620-BB940EF544E9}.Debug|Any CPU.Build.0 = Debug|Any CPU
		{C10C64F8-3F3E-44FE-A620-BB940EF544E9}.Release|Any CPU.ActiveCfg = Release|Any CPU
		{C10C64F8-3F3E-44FE-A620-BB940EF544E9}.Release|Any CPU.Build.0 = Release|Any CPU
	EndGlobalSection
	GlobalSection(SolutionProperties) = preSolution
		HideSolutionNode = FALSE
	EndGlobalSection
	GlobalSection(ExtensibilityGlobals) = postSolution
		SolutionGuid = {FDF1F1CF-150D-4C32-9D62-4D0061E0CBCD}
	EndGlobalSection
EndGlobal
